// !$*UTF8*$!
{
	archiveVersion = 1;
	classes = {
	};
	objectVersion = 77;
	objects = {

/* Begin PBXBuildFile section */
		E9743FA32F87116D0075413E /* WidgetKit.framework in Frameworks */ = {isa = PBXBuildFile; fileRef = E9743FA22F87116D0075413E /* WidgetKit.framework */; };
		E9743FA52F87116D0075413E /* SwiftUI.framework in Frameworks */ = {isa = PBXBuildFile; fileRef = E9743FA42F87116D0075413E /* SwiftUI.framework */; };
		E9743FB22F87116F0075413E /* SweeplyWIdgetsExtension.appex in Embed Foundation Extensions */ = {isa = PBXBuildFile; fileRef = E9743FA02F87116D0075413E /* SweeplyWIdgetsExtension.appex */; settings = {ATTRIBUTES = (RemoveHeadersOnCopy, ); }; };
		E9D078C32F7E357400E31AC7 /* Supabase in Frameworks */ = {isa = PBXBuildFile; productRef = E9D078C22F7E357400E31AC7 /* Supabase */; };
/* End PBXBuildFile section */

/* Begin PBXContainerItemProxy section */
		E9743FB02F87116F0075413E /* PBXContainerItemProxy */ = {
			isa = PBXContainerItemProxy;
			containerPortal = E9D078352F7E357300E31AC7 /* Project object */;
			proxyType = 1;
			remoteGlobalIDString = E9743F9F2F87116D0075413E;
			remoteInfo = SweeplyWIdgetsExtension;
		};
		E9D078592F7E357400E31AC7 /* PBXContainerItemProxy */ = {
			isa = PBXContainerItemProxy;
			containerPortal = E9D078352F7E357300E31AC7 /* Project object */;
			proxyType = 1;
			remoteGlobalIDString = E9D0783C2F7E357300E31AC7;
			remoteInfo = SWEEPLY;
		};
/* End PBXContainerItemProxy section */

/* Begin PBXCopyFilesBuildPhase section */
		E9743FB72F87116F0075413E /* Embed Foundation Extensions */ = {
			isa = PBXCopyFilesBuildPhase;
			buildActionMask = 2147483647;
			dstPath = "";
			dstSubfolderSpec = 13;
			files = (
				E9743FB22F87116F0075413E /* SweeplyWIdgetsExtension.appex in Embed Foundation Extensions */,
			);
			name = "Embed Foundation Extensions";
			runOnlyForDeploymentPostprocessing = 0;
		};
/* End PBXCopyFilesBuildPhase section */

/* Begin PBXFileReference section */
		E9743FA02F87116D0075413E /* SweeplyWIdgetsExtension.appex */ = {isa = PBXFileReference; explicitFileType = "wrapper.app-extension"; includeInIndex = 0; path = SweeplyWIdgetsExtension.appex; sourceTree = BUILT_PRODUCTS_DIR; };
		E9743FA22F87116D0075413E /* WidgetKit.framework */ = {isa = PBXFileReference; lastKnownFileType = wrapper.framework; name = WidgetKit.framework; path = /System/Library/Frameworks/WidgetKit.framework; sourceTree = "<absolute>"; };
		E9743FA42F87116D0075413E /* SwiftUI.framework */ = {isa = PBXFileReference; lastKnownFileType = wrapper.framework; name = SwiftUI.framework; path = /System/Library/Frameworks/SwiftUI.framework; sourceTree = "<absolute>"; };
		E9743FBF2F876B5D0075413E /* SweeplyWIdgetsExtension.entitlements */ = {isa = PBXFileReference; lastKnownFileType = text.plist.entitlements; path = SweeplyWIdgetsExtension.entitlements; sourceTree = "<group>"; };
		E9D0783D2F7E357300E31AC7 /* SWEEPLY.app */ = {isa = PBXFileReference; explicitFileType = wrapper.application; includeInIndex = 0; path = SWEEPLY.app; sourceTree = BUILT_PRODUCTS_DIR; };
		E9D078582F7E357400E31AC7 /* SWEEPLYUITests.xctest */ = {isa = PBXFileReference; explicitFileType = wrapper.cfbundle; includeInIndex = 0; path = SWEEPLYUITests.xctest; sourceTree = BUILT_PRODUCTS_DIR; };
/* End PBXFileReference section */

/* Begin PBXFileSystemSynchronizedBuildFileExceptionSet section */
		E9743FB62F87116F0075413E /* Exceptions for "SweeplyWIdgets" folder in "SweeplyWIdgetsExtension" target */ = {
			isa = PBXFileSystemSynchronizedBuildFileExceptionSet;
			membershipExceptions = (
				Info.plist,
			);
			target = E9743F9F2F87116D0075413E /* SweeplyWIdgetsExtension */;
		};
		E9D078602F7E357400E31AC7 /* Exceptions for "SWEEPLY" folder in "SWEEPLY" target */ = {
			isa = PBXFileSystemSynchronizedBuildFileExceptionSet;
			membershipExceptions = (
				Info.plist,
			);
			target = E9D0783C2F7E357300E31AC7 /* SWEEPLY */;
		};
/* End PBXFileSystemSynchronizedBuildFileExceptionSet section */

/* Begin PBXFileSystemSynchronizedRootGroup section */
		E9743FA62F87116D0075413E /* SweeplyWIdgets */ = {
			isa = PBXFileSystemSynchronizedRootGroup;
			exceptions = (
				E9743FB62F87116F0075413E /* Exceptions for "SweeplyWIdgets" folder in "SweeplyWIdgetsExtension" target */,
			);
			path = SweeplyWIdgets;
			sourceTree = "<group>";
		};
		E9D0783F2F7E357300E31AC7 /* SWEEPLY */ = {
			isa = PBXFileSystemSynchronizedRootGroup;
			exceptions = (
				E9D078602F7E357400E31AC7 /* Exceptions for "SWEEPLY" folder in "SWEEPLY" target */,
			);
			path = SWEEPLY;
			sourceTree = "<group>";
		};
		E9D078512F7E357400E31AC7 /* SWEEPLYTests */ = {
			isa = PBXFileSystemSynchronizedRootGroup;
			path = SWEEPLYTests;
			sourceTree = "<group>";
		};
		E9D0785B2F7E357400E31AC7 /* SWEEPLYUITests */ = {
			isa = PBXFileSystemSynchronizedRootGroup;
			path = SWEEPLYUITests;
			sourceTree = "<group>";
		};
/* End PBXFileSystemSynchronizedRootGroup section */

/* Begin PBXFrameworksBuildPhase section */
		E9743F9D2F87116D0075413E /* Frameworks */ = {
			isa = PBXFrameworksBuildPhase;
			buildActionMask = 2147483647;
			files = (
				E9743FA52F87116D0075413E /* SwiftUI.framework in Frameworks */,
				E9743FA32F87116D0075413E /* WidgetKit.framework in Frameworks */,
			);
			runOnlyForDeploymentPostprocessing = 0;
		};
		E9D0783A2F7E357300E31AC7 /* Frameworks */ = {
			isa = PBXFrameworksBuildPhase;
			buildActionMask = 2147483647;
			files = (
				E9D078C32F7E357400E31AC7 /* Supabase in Frameworks */,
			);
			runOnlyForDeploymentPostprocessing = 0;
		};
		E9D078552F7E357400E31AC7 /* Frameworks */ = {
			isa = PBXFrameworksBuildPhase;
			buildActionMask = 2147483647;
			files = (
			);
			runOnlyForDeploymentPostprocessing = 0;
		};
/* End PBXFrameworksBuildPhase section */

/* Begin PBXGroup section */
		E9743FA12F87116D0075413E /* Frameworks */ = {
			isa = PBXGroup;
			children = (
				E9743FA22F87116D0075413E /* WidgetKit.framework */,
				E9743FA42F87116D0075413E /* SwiftUI.framework */,
			);
			name = Frameworks;
			sourceTree = "<group>";
		};
		E9D078342F7E357300E31AC7 = {
			isa = PBXGroup;
			children = (
				E9743FBF2F876B5D0075413E /* SweeplyWIdgetsExtension.entitlements */,
				E9D0783F2F7E357300E31AC7 /* SWEEPLY */,
				E9D078512F7E357400E31AC7 /* SWEEPLYTests */,
				E9D0785B2F7E357400E31AC7 /* SWEEPLYUITests */,
				E9743FA62F87116D0075413E /* SweeplyWIdgets */,
				E9743FA12F87116D0075413E /* Frameworks */,
				E9D0783E2F7E357300E31AC7 /* Products */,
			);
			sourceTree = "<group>";
		};
		E9D0783E2F7E357300E31AC7 /* Products */ = {
			isa = PBXGroup;
			children = (
				E9D0783D2F7E357300E31AC7 /* SWEEPLY.app */,
				E9D078582F7E357400E31AC7 /* SWEEPLYUITests.xctest */,
				E9743FA02F87116D0075413E /* SweeplyWIdgetsExtension.appex */,
			);
			name = Products;
			sourceTree = "<group>";
		};
/* End PBXGroup section */

/* Begin PBXNativeTarget section */
		E9743F9F2F87116D0075413E /* SweeplyWIdgetsExtension */ = {
			isa = PBXNativeTarget;
			buildConfigurationList = E9743FB32F87116F0075413E /* Build configuration list for PBXNativeTarget "SweeplyWIdgetsExtension" */;
			buildPhases = (
				E9743F9C2F87116D0075413E /* Sources */,
				E9743F9D2F87116D0075413E /* Frameworks */,
				E9743F9E2F87116D0075413E /* Resources */,
			);
			buildRules = (
			);
			dependencies = (
			);
			fileSystemSynchronizedGroups = (
				E9743FA62F87116D0075413E /* SweeplyWIdgets */,
			);
			name = SweeplyWIdgetsExtension;
			packageProductDependencies = (
			);
			productName = SweeplyWIdgetsExtension;
			productReference = E9743FA02F87116D0075413E /* SweeplyWIdgetsExtension.appex */;
			productType = "com.apple.product-type.app-extension";
		};
		E9D0783C2F7E357300E31AC7 /* SWEEPLY */ = {
			isa = PBXNativeTarget;
			buildConfigurationList = E9D078612F7E357400E31AC7 /* Build configuration list for PBXNativeTarget "SWEEPLY" */;
			buildPhases = (
				E9D078392F7E357300E31AC7 /* Sources */,
				E9D0783A2F7E357300E31AC7 /* Frameworks */,
				E9D0783B2F7E357300E31AC7 /* Resources */,
				E9743FB72F87116F0075413E /* Embed Foundation Extensions */,
			);
			buildRules = (
			);
			dependencies = (
				E9743FB12F87116F0075413E /* PBXTargetDependency */,
			);
			fileSystemSynchronizedGroups = (
				E9D0783F2F7E357300E31AC7 /* SWEEPLY */,
			);
			name = SWEEPLY;
			packageProductDependencies = (
				E9D078C22F7E357400E31AC7 /* Supabase */,
				AA0001RC2F7E000000E00001 /* RevenueCat */,
				AA0002RC2F7E000000E00002 /* RevenueCatUI */,
			);
			productName = SWEEPLY;
			productReference = E9D0783D2F7E357300E31AC7 /* SWEEPLY.app */;
			productType = "com.apple.product-type.application";
		};
		E9D078572F7E357400E31AC7 /* SWEEPLYUITests */ = {
			isa = PBXNativeTarget;
			buildConfigurationList = E9D078692F7E357400E31AC7 /* Build configuration list for PBXNativeTarget "SWEEPLYUITests" */;
			buildPhases = (
				E9D078542F7E357400E31AC7 /* Sources */,
				E9D078552F7E357400E31AC7 /* Frameworks */,
				E9D078562F7E357400E31AC7 /* Resources */,
			);
			buildRules = (
			);
			dependencies = (
				E9D0785A2F7E357400E31AC7 /* PBXTargetDependency */,
			);
			fileSystemSynchronizedGroups = (
				E9D0785B2F7E357400E31AC7 /* SWEEPLYUITests */,
			);
			name = SWEEPLYUITests;
			packageProductDependencies = (
			);
			productName = SWEEPLYUITests;
			productReference = E9D078582F7E357400E31AC7 /* SWEEPLYUITests.xctest */;
			productType = "com.apple.product-type.bundle.ui-testing";
		};
/* End PBXNativeTarget section */

/* Begin PBXProject section */
		E9D078352F7E357300E31AC7 /* Project object */ = {
			isa = PBXProject;
			attributes = {
				BuildIndependentTargetsInParallel = 1;
				LastSwiftUpdateCheck = 2640;
				LastUpgradeCheck = 2640;
				TargetAttributes = {
					E9743F9F2F87116D0075413E = {
						CreatedOnToolsVersion = 26.4;
					};
					E9D0783C2F7E357300E31AC7 = {
						CreatedOnToolsVersion = 26.4;
					};
					E9D078572F7E357400E31AC7 = {
						CreatedOnToolsVersion = 26.4;
						TestTargetID = E9D0783C2F7E357300E31AC7;
					};
				};
			};
			buildConfigurationList = E9D078382F7E357300E31AC7 /* Build configuration list for PBXProject "SWEEPLY" */;
			developmentRegion = en;
			hasScannedForEncodings = 0;
			knownRegions = (
				en,
				Base,
			);
			mainGroup = E9D078342F7E357300E31AC7;
			minimizedProjectReferenceProxies = 1;
			packageReferences = (
				E9D078C12F7E357400E31AC7 /* XCRemoteSwiftPackageReference "supabase-swift" */,
				AA0000RC2F7E000000E00000 /* XCRemoteSwiftPackageReference "purchases-ios-spm" */,
			);
			preferredProjectObjectVersion = 77;
			productRefGroup = E9D0783E2F7E357300E31AC7 /* Products */;
			projectDirPath = "";
			projectRoot = "";
			targets = (
				E9D0783C2F7E357300E31AC7 /* SWEEPLY */,
				E9D078572F7E357400E31AC7 /* SWEEPLYUITests */,
				E9743F9F2F87116D0075413E /* SweeplyWIdgetsExtension */,
			);
		};
/* End PBXProject section */

/* Begin PBXResourcesBuildPhase section */
		E9743F9E2F87116D0075413E /* Resources */ = {
			isa = PBXResourcesBuildPhase;
			buildActionMask = 2147483647;
			files = (
			);
			runOnlyForDeploymentPostprocessing = 0;
		};
		E9D0783B2F7E357300E31AC7 /* Resources */ = {
			isa = PBXResourcesBuildPhase;
			buildActionMask = 2147483647;
			files = (
			);
			runOnlyForDeploymentPostprocessing = 0;
		};
		E9D078562F7E357400E31AC7 /* Resources */ = {
			isa = PBXResourcesBuildPhase;
			buildActionMask = 2147483647;
			files = (
			);
			runOnlyForDeploymentPostprocessing = 0;
		};
/* End PBXResourcesBuildPhase section */

/* Begin PBXSourcesBuildPhase section */
		E9743F9C2F87116D0075413E /* Sources */ = {
			isa = PBXSourcesBuildPhase;
			buildActionMask = 2147483647;
			files = (
			);
			runOnlyForDeploymentPostprocessing = 0;
		};
		E9D078392F7E357300E31AC7 /* Sources */ = {
			isa = PBXSourcesBuildPhase;
			buildActionMask = 2147483647;
			files = (
			);
			runOnlyForDeploymentPostprocessing = 0;
		};
		E9D078542F7E357400E31AC7 /* Sources */ = {
			isa = PBXSourcesBuildPhase;
			buildActionMask = 2147483647;
			files = (
			);
			runOnlyForDeploymentPostprocessing = 0;
		};
/* End PBXSourcesBuildPhase section */

/* Begin PBXTargetDependency section */
		E9743FB12F87116F0075413E /* PBXTargetDependency */ = {
			isa = PBXTargetDependency;
			target = E9743F9F2F87116D0075413E /* SweeplyWIdgetsExtension */;
			targetProxy = E9743FB02F87116F0075413E /* PBXContainerItemProxy */;
		};
		E9D0785A2F7E357400E31AC7 /* PBXTargetDependency */ = {
			isa = PBXTargetDependency;
			target = E9D0783C2F7E357300E31AC7 /* SWEEPLY */;
			targetProxy = E9D078592F7E357400E31AC7 /* PBXContainerItemProxy */;
		};
/* End PBXTargetDependency section */

/* Begin XCBuildConfiguration section */
		E9743FB42F87116F0075413E /* Debug */ = {
			isa = XCBuildConfiguration;
			buildSettings = {
				ASSETCATALOG_COMPILER_GLOBAL_ACCENT_COLOR_NAME = AccentColor;
				ASSETCATALOG_COMPILER_WIDGET_BACKGROUND_COLOR_NAME = WidgetBackground;
				CODE_SIGN_ENTITLEMENTS = SweeplyWIdgetsExtension.entitlements;
				CODE_SIGN_STYLE = Automatic;
				CURRENT_PROJECT_VERSION = 1;
				DEVELOPMENT_TEAM = YCZQ7F8K2U;
				ENABLE_APP_SANDBOX = YES;
				ENABLE_HARDENED_RUNTIME = YES;
				GENERATE_INFOPLIST_FILE = YES;
				INFOPLIST_FILE = SweeplyWIdgets/Info.plist;
				INFOPLIST_KEY_CFBundleDisplayName = SweeplyWIdgets;
				INFOPLIST_KEY_NSHumanReadableCopyright = "";
				IPHONEOS_DEPLOYMENT_TARGET = 26.4;
				LD_RUNPATH_SEARCH_PATHS = (
					"$(inherited)",
					"@executable_path/Frameworks",
					"@executable_path/../../Frameworks",
				);
				"LD_RUNPATH_SEARCH_PATHS[sdk=macosx*]" = (
					"$(inherited)",
					"@executable_path/../Frameworks",
					"@executable_path/../../../../Frameworks",
				);
				MACOSX_DEPLOYMENT_TARGET = 26.3;
				MARKETING_VERSION = 1.0;
				PRODUCT_BUNDLE_IDENTIFIER = SWEEPLY.APP.SWEEPLYWIDGETS;
				PRODUCT_NAME = "$(TARGET_NAME)";
				REGISTER_APP_GROUPS = YES;
				SDKROOT = auto;
				SKIP_INSTALL = YES;
				STRING_CATALOG_GENERATE_SYMBOLS = YES;
				SUPPORTED_PLATFORMS = "iphoneos iphonesimulator macosx xros xrsimulator";
				SWIFT_APPROACHABLE_CONCURRENCY = YES;
				SWIFT_EMIT_LOC_STRINGS = YES;
				SWIFT_UPCOMING_FEATURE_MEMBER_IMPORT_VISIBILITY = YES;
				SWIFT_VERSION = 5.0;
				TARGETED_DEVICE_FAMILY = "1,2,7";
				XROS_DEPLOYMENT_TARGET = 26.4;
			};
			name = Debug;
		};
		E9743FB52F87116F0075413E /* Release */ = {
			isa = XCBuildConfiguration;
			buildSettings = {
				ASSETCATALOG_COMPILER_GLOBAL_ACCENT_COLOR_NAME = AccentColor;
				ASSETCATALOG_COMPILER_WIDGET_BACKGROUND_COLOR_NAME = WidgetBackground;
				CODE_SIGN_ENTITLEMENTS = SweeplyWIdgetsExtension.entitlements;
				CODE_SIGN_STYLE = Automatic;
				CURRENT_PROJECT_VERSION = 1;
				DEVELOPMENT_TEAM = YCZQ7F8K2U;
				ENABLE_APP_SANDBOX = YES;
				ENABLE_HARDENED_RUNTIME = YES;
				GENERATE_INFOPLIST_FILE = YES;
				INFOPLIST_FILE = SweeplyWIdgets/Info.plist;
				INFOPLIST_KEY_CFBundleDisplayName = SweeplyWIdgets;
				INFOPLIST_KEY_NSHumanReadableCopyright = "";
				IPHONEOS_DEPLOYMENT_TARGET = 26.4;
				LD_RUNPATH_SEARCH_PATHS = (
					"$(inherited)",
					"@executable_path/Frameworks",
					"@executable_path/../../Frameworks",
				);
				"LD_RUNPATH_SEARCH_PATHS[sdk=macosx*]" = (
					"$(inherited)",
					"@executable_path/../Frameworks",
					"@executable_path/../../../../Frameworks",
				);
				MACOSX_DEPLOYMENT_TARGET = 26.3;
				MARKETING_VERSION = 1.0;
				PRODUCT_BUNDLE_IDENTIFIER = SWEEPLY.APP.SWEEPLYWIDGETS;
				PRODUCT_NAME = "$(TARGET_NAME)";
				REGISTER_APP_GROUPS = YES;
				SDKROOT = auto;
				SKIP_INSTALL = YES;
				STRING_CATALOG_GENERATE_SYMBOLS = YES;
				SUPPORTED_PLATFORMS = "iphoneos iphonesimulator macosx xros xrsimulator";
				SWIFT_APPROACHABLE_CONCURRENCY = YES;
				SWIFT_EMIT_LOC_STRINGS = YES;
				SWIFT_UPCOMING_FEATURE_MEMBER_IMPORT_VISIBILITY = YES;
				SWIFT_VERSION = 5.0;
				TARGETED_DEVICE_FAMILY = "1,2,7";
				XROS_DEPLOYMENT_TARGET = 26.4;
			};
			name = Release;
		};
		E9D078622F7E357400E31AC7 /* Debug */ = {
			isa = XCBuildConfiguration;
			buildSettings = {
				ASSETCATALOG_COMPILER_APPICON_NAME = AppIcon;
				ASSETCATALOG_COMPILER_GLOBAL_ACCENT_COLOR_NAME = AccentColor;
				CODE_SIGN_ENTITLEMENTS = SWEEPLY/SWEEPLY.entitlements;
				CODE_SIGN_STYLE = Automatic;
				CURRENT_PROJECT_VERSION = 1;
				DEVELOPMENT_TEAM = YCZQ7F8K2U;
				ENABLE_PREVIEWS = YES;
				GENERATE_INFOPLIST_FILE = YES;
				INFOPLIST_FILE = SWEEPLY/Info.plist;
				INFOPLIST_KEY_NSCalendarsUsageDescription = "Sweeply can sync your scheduled jobs to your iOS Calendar so you never miss an appointment.";
				INFOPLIST_KEY_NSCalendarsWriteOnlyAccessUsageDescription = "Sweeply adds your scheduled cleaning jobs to your calendar.";
				INFOPLIST_KEY_NSCameraUsageDescription = "Sweeply lets you take photos on-site to document your cleaning jobs.";
				INFOPLIST_KEY_NSContactsUsageDescription = "Sweeply uses your contacts to quickly import client details when adding a new client.";
				INFOPLIST_KEY_NSFaceIDUsageDescription = "Sweeply uses Face ID to protect your business data when the app lock is enabled.";
				INFOPLIST_KEY_NSLocationAlwaysAndWhenInUseUsageDescription = "Sweeply needs your location to show your position on the map and help you navigate to job sites, even when the app is in the background.";
				INFOPLIST_KEY_NSLocationWhenInUseUsageDescription = "Sweeply needs your location to show your position on the map and help you navigate to job sites.";
				INFOPLIST_KEY_NSMicrophoneUsageDescription = "Sweeply uses your microphone so you can dictate messages to the AI assistant.";
				INFOPLIST_KEY_NSPhotoLibraryUsageDescription = "Sweeply lets you attach photos to jobs for better job documentation.";
				INFOPLIST_KEY_NSSpeechRecognitionUsageDescription = "Sweeply uses speech recognition to transcribe your voice into text for the AI assistant.";
				INFOPLIST_KEY_UIApplicationSceneManifest_Generation = YES;
				INFOPLIST_KEY_UIApplicationSupportsIndirectInputEvents = YES;
				INFOPLIST_KEY_UISupportedInterfaceOrientations_iPad = "UIInterfaceOrientationPortrait UIInterfaceOrientationPortraitUpsideDown UIInterfaceOrientationLandscapeLeft UIInterfaceOrientationLandscapeRight";
				INFOPLIST_KEY_UISupportedInterfaceOrientations_iPhone = "UIInterfaceOrientationPortrait UIInterfaceOrientationLandscapeLeft UIInterfaceOrientationLandscapeRight";
				LD_RUNPATH_SEARCH_PATHS = (
					"$(inherited)",
					"@executable_path/Frameworks",
				);
				MARKETING_VERSION = 1.0;
				PRODUCT_BUNDLE_IDENTIFIER = SWEEPLY.APP;
				PRODUCT_NAME = "$(TARGET_NAME)";
				STRING_CATALOG_GENERATE_SYMBOLS = YES;
				SWIFT_APPROACHABLE_CONCURRENCY = YES;
				SWIFT_DEFAULT_ACTOR_ISOLATION = MainActor;
				SWIFT_EMIT_LOC_STRINGS = YES;
				SWIFT_UPCOMING_FEATURE_MEMBER_IMPORT_VISIBILITY = YES;
				SWIFT_VERSION = 5.0;
				TARGETED_DEVICE_FAMILY = "1,2";
			};
			name = Debug;
		};
		E9D078632F7E357400E31AC7 /* Release */ = {
			isa = XCBuildConfiguration;
			buildSettings = {
				ASSETCATALOG_COMPILER_APPICON_NAME = AppIcon;
				ASSETCATALOG_COMPILER_GLOBAL_ACCENT_COLOR_NAME = AccentColor;
				CODE_SIGN_ENTITLEMENTS = SWEEPLY/SWEEPLY.entitlements;
				CODE_SIGN_STYLE = Automatic;
				CURRENT_PROJECT_VERSION = 1;
				DEVELOPMENT_TEAM = YCZQ7F8K2U;
				ENABLE_PREVIEWS = YES;
				GENERATE_INFOPLIST_FILE = YES;
				INFOPLIST_FILE = SWEEPLY/Info.plist;
				INFOPLIST_KEY_NSCalendarsUsageDescription = "Sweeply can sync your scheduled jobs to your iOS Calendar so you never miss an appointment.";
				INFOPLIST_KEY_NSCalendarsWriteOnlyAccessUsageDescription = "Sweeply adds your scheduled cleaning jobs to your calendar.";
				INFOPLIST_KEY_NSCameraUsageDescription = "Sweeply lets you take photos on-site to document your cleaning jobs.";
				INFOPLIST_KEY_NSContactsUsageDescription = "Sweeply uses your contacts to quickly import client details when adding a new client.";
				INFOPLIST_KEY_NSFaceIDUsageDescription = "Sweeply uses Face ID to protect your business data when the app lock is enabled.";
				INFOPLIST_KEY_NSLocationAlwaysAndWhenInUseUsageDescription = "Sweeply needs your location to show your position on the map and help you navigate to job sites, even when the app is in the background.";
				INFOPLIST_KEY_NSLocationWhenInUseUsageDescription = "Sweeply needs your location to show your position on the map and help you navigate to job sites.";
				INFOPLIST_KEY_NSMicrophoneUsageDescription = "Sweeply uses your microphone so you can dictate messages to the AI assistant.";
				INFOPLIST_KEY_NSPhotoLibraryUsageDescription = "Sweeply lets you attach photos to jobs for better job documentation.";
				INFOPLIST_KEY_NSSpeechRecognitionUsageDescription = "Sweeply uses speech recognition to transcribe your voice into text for the AI assistant.";
				INFOPLIST_KEY_UIApplicationSceneManifest_Generation = YES;
				INFOPLIST_KEY_UIApplicationSupportsIndirectInputEvents = YES;
				INFOPLIST_KEY_UISupportedInterfaceOrientations_iPad = "UIInterfaceOrientationPortrait UIInterfaceOrientationPortraitUpsideDown UIInterfaceOrientationLandscapeLeft UIInterfaceOrientationLandscapeRight";
				INFOPLIST_KEY_UISupportedInterfaceOrientations_iPhone = "UIInterfaceOrientationPortrait UIInterfaceOrientationLandscapeLeft UIInterfaceOrientationLandscapeRight";
				LD_RUNPATH_SEARCH_PATHS = (
					"$(inherited)",
					"@executable_path/Frameworks",
				);
				MARKETING_VERSION = 1.0;
				PRODUCT_BUNDLE_IDENTIFIER = SWEEPLY.APP;
				PRODUCT_NAME = "$(TARGET_NAME)";
				STRING_CATALOG_GENERATE_SYMBOLS = YES;
				SWIFT_APPROACHABLE_CONCURRENCY = YES;
				SWIFT_DEFAULT_ACTOR_ISOLATION = MainActor;
				SWIFT_EMIT_LOC_STRINGS = YES;
				SWIFT_UPCOMING_FEATURE_MEMBER_IMPORT_VISIBILITY = YES;
				SWIFT_VERSION = 5.0;
				TARGETED_DEVICE_FAMILY = "1,2";
			};
			name = Release;
		};
		E9D078642F7E357400E31AC7 /* Debug */ = {
			isa = XCBuildConfiguration;
			buildSettings = {
				ALWAYS_SEARCH_USER_PATHS = NO;
				ASSETCATALOG_COMPILER_GENERATE_SWIFT_ASSET_SYMBOL_EXTENSIONS = YES;
				CLANG_ANALYZER_NONNULL = YES;
				CLANG_ANALYZER_NUMBER_OBJECT_CONVERSION = YES_AGGRESSIVE;
				CLANG_CXX_LANGUAGE_STANDARD = "gnu++20";
				CLANG_ENABLE_MODULES = YES;
				CLANG_ENABLE_OBJC_ARC = YES;
				CLANG_ENABLE_OBJC_WEAK = YES;
				CLANG_WARN_BLOCK_CAPTURE_AUTORELEASING = YES;
				CLANG_WARN_BOOL_CONVERSION = YES;
				CLANG_WARN_COMMA = YES;
				CLANG_WARN_CONSTANT_CONVERSION = YES;
				CLANG_WARN_DEPRECATED_OBJC_IMPLEMENTATIONS = YES;
				CLANG_WARN_DIRECT_OBJC_ISA_USAGE = YES_ERROR;
				CLANG_WARN_DOCUMENTATION_COMMENTS = YES;
				CLANG_WARN_EMPTY_BODY = YES;
				CLANG_WARN_ENUM_CONVERSION = YES;
				CLANG_WARN_INFINITE_RECURSION = YES;
				CLANG_WARN_INT_CONVERSION = YES;
				CLANG_WARN_NON_LITERAL_NULL_CONVERSION = YES;
				CLANG_WARN_OBJC_IMPLICIT_RETAIN_SELF = YES;
				CLANG_WARN_OBJC_LITERAL_CONVERSION = YES;
				CLANG_WARN_OBJC_ROOT_CLASS = YES_ERROR;
				CLANG_WARN_QUOTED_INCLUDE_IN_FRAMEWORK_HEADER = YES;
				CLANG_WARN_RANGE_LOOP_ANALYSIS = YES;
				CLANG_WARN_STRICT_PROTOTYPES = YES;
				CLANG_WARN_SUSPICIOUS_MOVE = YES;
				CLANG_WARN_UNGUARDED_AVAILABILITY = YES_AGGRESSIVE;
				CLANG_WARN_UNREACHABLE_CODE = YES;
				CLANG_WARN__DUPLICATE_METHOD_MATCH = YES;
				COPY_PHASE_STRIP = NO;
				DEBUG_INFORMATION_FORMAT = dwarf;
				DEVELOPMENT_TEAM = YCZQ7F8K2U;
				ENABLE_STRICT_OBJC_MSGSEND = YES;
				ENABLE_TESTABILITY = YES;
				ENABLE_USER_SCRIPT_SANDBOXING = YES;
				GCC_C_LANGUAGE_STANDARD = gnu17;
				GCC_DYNAMIC_NO_PIC = NO;
				GCC_NO_COMMON_BLOCKS = YES;
				GCC_OPTIMIZATION_LEVEL = 0;
				GCC_PREPROCESSOR_DEFINITIONS = (
					"DEBUG=1",
					"$(inherited)",
				);
				GCC_WARN_64_TO_32_BIT_CONVERSION = YES;
				GCC_WARN_ABOUT_RETURN_TYPE = YES_ERROR;
				GCC_WARN_UNDECLARED_SELECTOR = YES;
				GCC_WARN_UNINITIALIZED_AUTOS = YES_AGGRESSIVE;
				GCC_WARN_UNUSED_FUNCTION = YES;
				GCC_WARN_UNUSED_VARIABLE = YES;
				IPHONEOS_DEPLOYMENT_TARGET = 26.4;
				LOCALIZATION_PREFERS_STRING_CATALOGS = YES;
				MTL_ENABLE_DEBUG_INFO = INCLUDE_SOURCE;
				MTL_FAST_MATH = YES;
				ONLY_ACTIVE_ARCH = YES;
				SDKROOT = iphoneos;
				SWIFT_ACTIVE_COMPILATION_CONDITIONS = "DEBUG $(inherited)";
				SWIFT_OPTIMIZATION_LEVEL = "-Onone";
			};
			name = Debug;
		};
		E9D078652F7E357400E31AC7 /* Release */ = {
			isa = XCBuildConfiguration;
			buildSettings = {
				ALWAYS_SEARCH_USER_PATHS = NO;
				ASSETCATALOG_COMPILER_GENERATE_SWIFT_ASSET_SYMBOL_EXTENSIONS = YES;
				CLANG_ANALYZER_NONNULL = YES;
				CLANG_ANALYZER_NUMBER_OBJECT_CONVERSION = YES_AGGRESSIVE;
				CLANG_CXX_LANGUAGE_STANDARD = "gnu++20";
				CLANG_ENABLE_MODULES = YES;
				CLANG_ENABLE_OBJC_ARC = YES;
				CLANG_ENABLE_OBJC_WEAK = YES;
				CLANG_WARN_BLOCK_CAPTURE_AUTORELEASING = YES;
				CLANG_WARN_BOOL_CONVERSION = YES;
				CLANG_WARN_COMMA = YES;
				CLANG_WARN_CONSTANT_CONVERSION = YES;
				CLANG_WARN_DEPRECATED_OBJC_IMPLEMENTATIONS = YES;
				CLANG_WARN_DIRECT_OBJC_ISA_USAGE = YES_ERROR;
				CLANG_WARN_DOCUMENTATION_COMMENTS = YES;
				CLANG_WARN_EMPTY_BODY = YES;
				CLANG_WARN_ENUM_CONVERSION = YES;
				CLANG_WARN_INFINITE_RECURSION = YES;
				CLANG_WARN_INT_CONVERSION = YES;
				CLANG_WARN_NON_LITERAL_NULL_CONVERSION = YES;
				CLANG_WARN_OBJC_IMPLICIT_RETAIN_SELF = YES;
				CLANG_WARN_OBJC_LITERAL_CONVERSION = YES;
				CLANG_WARN_OBJC_ROOT_CLASS = YES_ERROR;
				CLANG_WARN_QUOTED_INCLUDE_IN_FRAMEWORK_HEADER = YES;
				CLANG_WARN_RANGE_LOOP_ANALYSIS = YES;
				CLANG_WARN_STRICT_PROTOTYPES = YES;
				CLANG_WARN_SUSPICIOUS_MOVE = YES;
				CLANG_WARN_UNGUARDED_AVAILABILITY = YES_AGGRESSIVE;
				CLANG_WARN_UNREACHABLE_CODE = YES;
				CLANG_WARN__DUPLICATE_METHOD_MATCH = YES;
				COPY_PHASE_STRIP = NO;
				DEBUG_INFORMATION_FORMAT = "dwarf-with-dsym";
				DEVELOPMENT_TEAM = YCZQ7F8K2U;
				ENABLE_NS_ASSERTIONS = NO;
				ENABLE_STRICT_OBJC_MSGSEND = YES;
				ENABLE_USER_SCRIPT_SANDBOXING = YES;
				GCC_C_LANGUAGE_STANDARD = gnu17;
				GCC_NO_COMMON_BLOCKS = YES;
				GCC_WARN_64_TO_32_BIT_CONVERSION = YES;
				GCC_WARN_ABOUT_RETURN_TYPE = YES_ERROR;
				GCC_WARN_UNDECLARED_SELECTOR = YES;
				GCC_WARN_UNINITIALIZED_AUTOS = YES_AGGRESSIVE;
				GCC_WARN_UNUSED_FUNCTION = YES;
				GCC_WARN_UNUSED_VARIABLE = YES;
				IPHONEOS_DEPLOYMENT_TARGET = 26.4;
				LOCALIZATION_PREFERS_STRING_CATALOGS = YES;
				MTL_ENABLE_DEBUG_INFO = NO;
				MTL_FAST_MATH = YES;
				SDKROOT = iphoneos;
				SWIFT_COMPILATION_MODE = wholemodule;
				VALIDATE_PRODUCT = YES;
			};
			name = Release;
		};
		E9D0786A2F7E357400E31AC7 /* Debug */ = {
			isa = XCBuildConfiguration;
			buildSettings = {
				CODE_SIGN_STYLE = Automatic;
				CURRENT_PROJECT_VERSION = 1;
				DEVELOPMENT_TEAM = YCZQ7F8K2U;
				GENERATE_INFOPLIST_FILE = YES;
				MARKETING_VERSION = 1.0;
				PRODUCT_BUNDLE_IDENTIFIER = SWEEPLY.SWEEPLYUITests;
				PRODUCT_NAME = "$(TARGET_NAME)";
				STRING_CATALOG_GENERATE_SYMBOLS = NO;
				SWIFT_APPROACHABLE_CONCURRENCY = YES;
				SWIFT_EMIT_LOC_STRINGS = NO;
				SWIFT_UPCOMING_FEATURE_MEMBER_IMPORT_VISIBILITY = YES;
				SWIFT_VERSION = 5.0;
				TARGETED_DEVICE_FAMILY = "1,2";
				TEST_TARGET_NAME = SWEEPLY;
			};
			name = Debug;
		};
		E9D0786B2F7E357400E31AC7 /* Release */ = {
			isa = XCBuildConfiguration;
			buildSettings = {
				CODE_SIGN_STYLE = Automatic;
				CURRENT_PROJECT_VERSION = 1;
				DEVELOPMENT_TEAM = YCZQ7F8K2U;
				GENERATE_INFOPLIST_FILE = YES;
				MARKETING_VERSION = 1.0;
				PRODUCT_BUNDLE_IDENTIFIER = SWEEPLY.SWEEPLYUITests;
				PRODUCT_NAME = "$(TARGET_NAME)";
				STRING_CATALOG_GENERATE_SYMBOLS = NO;
				SWIFT_APPROACHABLE_CONCURRENCY = YES;
				SWIFT_EMIT_LOC_STRINGS = NO;
				SWIFT_UPCOMING_FEATURE_MEMBER_IMPORT_VISIBILITY = YES;
				SWIFT_VERSION = 5.0;
				TARGETED_DEVICE_FAMILY = "1,2";
				TEST_TARGET_NAME = SWEEPLY;
			};
			name = Release;
		};
/* End XCBuildConfiguration section */

/* Begin XCConfigurationList section */
		E9743FB32F87116F0075413E /* Build configuration list for PBXNativeTarget "SweeplyWIdgetsExtension" */ = {
			isa = XCConfigurationList;
			buildConfigurations = (
				E9743FB42F87116F0075413E /* Debug */,
				E9743FB52F87116F0075413E /* Release */,
			);
			defaultConfigurationIsVisible = 0;
			defaultConfigurationName = Release;
		};
		E9D078382F7E357300E31AC7 /* Build configuration list for PBXProject "SWEEPLY" */ = {
			isa = XCConfigurationList;
			buildConfigurations = (
				E9D078642F7E357400E31AC7 /* Debug */,
				E9D078652F7E357400E31AC7 /* Release */,
			);
			defaultConfigurationIsVisible = 0;
			defaultConfigurationName = Release;
		};
		E9D078612F7E357400E31AC7 /* Build configuration list for PBXNativeTarget "SWEEPLY" */ = {
			isa = XCConfigurationList;
			buildConfigurations = (
				E9D078622F7E357400E31AC7 /* Debug */,
				E9D078632F7E357400E31AC7 /* Release */,
			);
			defaultConfigurationIsVisible = 0;
			defaultConfigurationName = Release;
		};
		E9D078692F7E357400E31AC7 /* Build configuration list for PBXNativeTarget "SWEEPLYUITests" */ = {
			isa = XCConfigurationList;
			buildConfigurations = (
				E9D0786A2F7E357400E31AC7 /* Debug */,
				E9D0786B2F7E357400E31AC7 /* Release */,
			);
			defaultConfigurationIsVisible = 0;
			defaultConfigurationName = Release;
		};
/* End XCConfigurationList section */

/* Begin XCRemoteSwiftPackageReference section */
		E9D078C12F7E357400E31AC7 /* XCRemoteSwiftPackageReference "supabase-swift" */ = {
			isa = XCRemoteSwiftPackageReference;
			repositoryURL = "https://github.com/supabase/supabase-swift.git";
			requirement = {
				kind = upToNextMajorVersion;
				minimumVersion = 2.0.0;
			};
		};
		AA0000RC2F7E000000E00000 /* XCRemoteSwiftPackageReference "purchases-ios-spm" */ = {
			isa = XCRemoteSwiftPackageReference;
			repositoryURL = "https://github.com/RevenueCat/purchases-ios-spm.git";
			requirement = {
				kind = upToNextMajorVersion;
				minimumVersion = 5.0.0;
			};
		};
/* End XCRemoteSwiftPackageReference section */

/* Begin XCSwiftPackageProductDependency section */
		E9D078C22F7E357400E31AC7 /* Supabase */ = {
			isa = XCSwiftPackageProductDependency;
			package = E9D078C12F7E357400E31AC7 /* XCRemoteSwiftPackageReference "supabase-swift" */;
			productName = Supabase;
		};
		AA0001RC2F7E000000E00001 /* RevenueCat */ = {
			isa = XCSwiftPackageProductDependency;
			package = AA0000RC2F7E000000E00000 /* XCRemoteSwiftPackageReference "purchases-ios-spm" */;
			productName = RevenueCat;
		};
		AA0002RC2F7E000000E00002 /* RevenueCatUI */ = {
			isa = XCSwiftPackageProductDependency;
			package = AA0000RC2F7E000000E00000 /* XCRemoteSwiftPackageReference "purchases-ios-spm" */;
			productName = RevenueCatUI;
		};
/* End XCSwiftPackageProductDependency section */
	};
	rootObject = E9D078352F7E357300E31AC7 /* Project object */;
}
